
Microsoft Visual Studio Solution File, Format Version 12.00
# Visual Studio Version 17
VisualStudioVersion = 17.7.34031.279
MinimumVisualStudioVersion = 10.0.40219.1
Project("{FAE04EC0-301F-11D3-BF4B-00C04F79EFBC}") = "FarmerSymulator", "FarmerSymulator\FarmerSymulator.csproj", "{1CEF7A05-57BF-437E-9B55-79A3BABE3015}"
EndProject
Global
	GlobalSection(SolutionConfigurationPlatforms) = preSolution
		Debug|Any CPU = Debug|Any CPU
		Release|Any CPU = Release|Any CPU
	EndGlobalSection
	GlobalSection(ProjectConfigurationPlatforms) = postSolution
		{1CEF7A05-57BF-437E-9B55-79A3BABE3015}.Debug|Any CPU.ActiveCfg = Debug|Any CPU
		{1CEF7A05-57BF-437E-9B55-79A3BABE3015}.Debug|Any CPU.Build.0 = Debug|Any CPU
		{1CEF7A05-57BF-437E-9B55-79A3BABE3015}.Release|Any CPU.ActiveCfg = Release|Any CPU
		{1CEF7A05-57BF-437E-9B55-79A3BABE3015}.Release|Any CPU.Build.0 = Release|Any CPU
	EndGlobalSection
	GlobalSection(SolutionProperties) = preSolution
		HideSolutionNode = FALSE
	EndGlobalSection
	GlobalSection(ExtensibilityGlobals) = postSolution
		SolutionGuid = {F0B15AFD-328B-4744-83F9-516F7F5E0541}
	EndGlobalSection
EndGlobal
